
Microsoft Visual Studio Solution File, Format Version 12.00
# Visual Studio Version 16
VisualStudioVersion = 16.0.30204.51
MinimumVisualStudioVersion = 10.0.40219.1
Project("{00D1A9C2-B5F0-4AF3-8072-F6C62B433612}") = "DatabaseGithubDemo", "DatabaseGithubDemo\DatabaseGithubDemo.sqlproj", "{AC140410-C481-41C9-8AEE-440413D7CDCB}"
EndProject
Global
	GlobalSection(SolutionConfigurationPlatforms) = preSolution
		Debug|Any CPU = Debug|Any CPU
		Release|Any CPU = Release|Any CPU
	EndGlobalSection
	GlobalSection(ProjectConfigurationPlatforms) = postSolution
		{AC140410-C481-41C9-8AEE-440413D7CDCB}.Debug|Any CPU.ActiveCfg = Debug|Any CPU
		{AC140410-C481-41C9-8AEE-440413D7CDCB}.Debug|Any CPU.Build.0 = Debug|Any CPU
		{AC140410-C481-41C9-8AEE-440413D7CDCB}.Debug|Any CPU.Deploy.0 = Debug|Any CPU
		{AC140410-C481-41C9-8AEE-440413D7CDCB}.Release|Any CPU.ActiveCfg = Release|Any CPU
		{AC140410-C481-41C9-8AEE-440413D7CDCB}.Release|Any CPU.Build.0 = Release|Any CPU
		{AC140410-C481-41C9-8AEE-440413D7CDCB}.Release|Any CPU.Deploy.0 = Release|Any CPU
	EndGlobalSection
	GlobalSection(SolutionProperties) = preSolution
		HideSolutionNode = FALSE
	EndGlobalSection
	GlobalSection(ExtensibilityGlobals) = postSolution
		SolutionGuid = {DEB82C7F-7646-419D-AAE4-DF57F6142961}
	EndGlobalSection
EndGlobal
